// !$*UTF8*$!
{
	archiveVersion = 1;
	classes = {
	};
	objectVersion = 55;
	objects = {

/* Begin PBXBuildFile section */
		8425BBB2277A502B00BF94FE /* AppDelegate.swift in Sources */ = {isa = PBXBuildFile; fileRef = 8425BBB1277A502B00BF94FE /* AppDelegate.swift */; };
		8425BBB4277A502B00BF94FE /* SceneDelegate.swift in Sources */ = {isa = PBXBuildFile; fileRef = 8425BBB3277A502B00BF94FE /* SceneDelegate.swift */; };
		8425BBB6277A502B00BF94FE /* ViewController.swift in Sources */ = {isa = PBXBuildFile; fileRef = 8425BBB5277A502B00BF94FE /* ViewController.swift */; };
		8425BBB9277A502B00BF94FE /* Main.storyboard in Resources */ = {isa = PBXBuildFile; fileRef = 8425BBB7277A502B00BF94FE /* Main.storyboard */; };
		8425BBBB277A502C00BF94FE /* Assets.xcassets in Resources */ = {isa = PBXBuildFile; fileRef = 8425BBBA277A502C00BF94FE /* Assets.xcassets */; };
		8425BBBE277A502C00BF94FE /* LaunchScreen.storyboard in Resources */ = {isa = PBXBuildFile; fileRef = 8425BBBC277A502C00BF94FE /* LaunchScreen.storyboard */; };
		8425BBC6277A50C900BF94FE /* ListModel.swift in Sources */ = {isa = PBXBuildFile; fileRef = 8425BBC5277A50C900BF94FE /* ListModel.swift */; };
		8425BBC8277A541200BF94FE /* AddToListViewController.swift in Sources */ = {isa = PBXBuildFile; fileRef = 8425BBC7277A541200BF94FE /* AddToListViewController.swift */; };
/* End PBXBuildFile section */

/* Begin PBXFileReference section */
		8425BBAE277A502B00BF94FE /* Bucket_List_ClientSide.app */ = {isa = PBXFileReference; explicitFileType = wrapper.application; includeInIndex = 0; path = Bucket_List_ClientSide.app; sourceTree = BUILT_PRODUCTS_DIR; };
		8425BBB1277A502B00BF94FE /* AppDelegate.swift */ = {isa = PBXFileReference; lastKnownFileType = sourcecode.swift; path = AppDelegate.swift; sourceTree = "<group>"; };
		8425BBB3277A502B00BF94FE /* SceneDelegate.swift */ = {isa = PBXFileReference; lastKnownFileType = sourcecode.swift; path = SceneDelegate.swift; sourceTree = "<group>"; };
		8425BBB5277A502B00BF94FE /* ViewController.swift */ = {isa = PBXFileReference; lastKnownFileType = sourcecode.swift; path = ViewController.swift; sourceTree = "<group>"; };
		8425BBB8277A502B00BF94FE /* Base */ = {isa = PBXFileReference; lastKnownFileType = file.storyboard; name = Base; path = Base.lproj/Main.storyboard; sourceTree = "<group>"; };
		8425BBBA277A502C00BF94FE /* Assets.xcassets */ = {isa = PBXFileReference; lastKnownFileType = folder.assetcatalog; path = Assets.xcassets; sourceTree = "<group>"; };
		8425BBBD277A502C00BF94FE /* Base */ = {isa = PBXFileReference; lastKnownFileType = file.storyboard; name = Base; path = Base.lproj/LaunchScreen.storyboard; sourceTree = "<group>"; };
		8425BBBF277A502C00BF94FE /* Info.plist */ = {isa = PBXFileReference; lastKnownFileType = text.plist.xml; path = Info.plist; sourceTree = "<group>"; };
		8425BBC5277A50C900BF94FE /* ListModel.swift */ = {isa = PBXFileReference; lastKnownFileType = sourcecode.swift; path = ListModel.swift; sourceTree = "<group>"; };
		8425BBC7277A541200BF94FE /* AddToListViewController.swift */ = {isa = PBXFileReference; lastKnownFileType = sourcecode.swift; path = AddToListViewController.swift; sourceTree = "<group>"; };
/* End PBXFileReference section */

/* Begin PBXFrameworksBuildPhase section */
		8425BBAB277A502B00BF94FE /* Frameworks */ = {
			isa = PBXFrameworksBuildPhase;
			buildActionMask = 2147483647;
			files = (
			);
			runOnlyForDeploymentPostprocessing = 0;
		};
/* End PBXFrameworksBuildPhase section */

/* Begin PBXGroup section */
		8425BBA5277A502B00BF94FE = {
			isa = PBXGroup;
			children = (
				8425BBB0277A502B00BF94FE /* Bucket_List_ClientSide */,
				8425BBAF277A502B00BF94FE /* Products */,
			);
			sourceTree = "<group>";
		};
		8425BBAF277A502B00BF94FE /* Products */ = {
			isa = PBXGroup;
			children = (
				8425BBAE277A502B00BF94FE /* Bucket_List_ClientSide.app */,
			);
			name = Products;
			sourceTree = "<group>";
		};
		8425BBB0277A502B00BF94FE /* Bucket_List_ClientSide */ = {
			isa = PBXGroup;
			children = (
				8425BBB1277A502B00BF94FE /* AppDelegate.swift */,
				8425BBB3277A502B00BF94FE /* SceneDelegate.swift */,
				8425BBB5277A502B00BF94FE /* ViewController.swift */,
				8425BBB7277A502B00BF94FE /* Main.storyboard */,
				8425BBBA277A502C00BF94FE /* Assets.xcassets */,
				8425BBBC277A502C00BF94FE /* LaunchScreen.storyboard */,
				8425BBBF277A502C00BF94FE /* Info.plist */,
				8425BBC5277A50C900BF94FE /* ListModel.swift */,
				8425BBC7277A541200BF94FE /* AddToListViewController.swift */,
			);
			path = Bucket_List_ClientSide;
			sourceTree = "<group>";
		};
/* End PBXGroup section */

/* Begin PBXNativeTarget section */
		8425BBAD277A502B00BF94FE /* Bucket_List_ClientSide */ = {
			isa = PBXNativeTarget;
			buildConfigurationList = 8425BBC2277A502C00BF94FE /* Build configuration list for PBXNativeTarget "Bucket_List_ClientSide" */;
			buildPhases = (
				8425BBAA277A502B00BF94FE /* Sources */,
				8425BBAB277A502B00BF94FE /* Frameworks */,
				8425BBAC277A502B00BF94FE /* Resources */,
			);
			buildRules = (
			);
			dependencies = (
			);
			name = Bucket_List_ClientSide;
			productName = Bucket_List_ClientSide;
			productReference = 8425BBAE277A502B00BF94FE /* Bucket_List_ClientSide.app */;
			productType = "com.apple.product-type.application";
		};
/* End PBXNativeTarget section */

/* Begin PBXProject section */
		8425BBA6277A502B00BF94FE /* Project object */ = {
			isa = PBXProject;
			attributes = {
				BuildIndependentTargetsInParallel = 1;
				LastSwiftUpdateCheck = 1310;
				LastUpgradeCheck = 1310;
				TargetAttributes = {
					8425BBAD277A502B00BF94FE = {
						CreatedOnToolsVersion = 13.1;
					};
				};
			};
			buildConfigurationList = 8425BBA9277A502B00BF94FE /* Build configuration list for PBXProject "Bucket_List_ClientSide" */;
			compatibilityVersion = "Xcode 13.0";
			developmentRegion = en;
			hasScannedForEncodings = 0;
			knownRegions = (
				en,
				Base,
			);
			mainGroup = 8425BBA5277A502B00BF94FE;
			productRefGroup = 8425BBAF277A502B00BF94FE /* Products */;
			projectDirPath = "";
			projectRoot = "";
			targets = (
				8425BBAD277A502B00BF94FE /* Bucket_List_ClientSide */,
			);
		};
/* End PBXProject section */

/* Begin PBXResourcesBuildPhase section */
		8425BBAC277A502B00BF94FE /* Resources */ = {
			isa = PBXResourcesBuildPhase;
			buildActionMask = 2147483647;
			files = (
				8425BBBE277A502C00BF94FE /* LaunchScreen.storyboard in Resources */,
				8425BBBB277A502C00BF94FE /* Assets.xcassets in Resources */,
				8425BBB9277A502B00BF94FE /* Main.storyboard in Resources */,
			);
			runOnlyForDeploymentPostprocessing = 0;
		};
/* End PBXResourcesBuildPhase section */

/* Begin PBXSourcesBuildPhase section */
		8425BBAA277A502B00BF94FE /* Sources */ = {
			isa = PBXSourcesBuildPhase;
			buildActionMask = 2147483647;
			files = (
				8425BBB6277A502B00BF94FE /* ViewController.swift in Sources */,
				8425BBC8277A541200BF94FE /* AddToListViewController.swift in Sources */,
				8425BBB2277A502B00BF94FE /* AppDelegate.swift in Sources */,
				8425BBB4277A502B00BF94FE /* SceneDelegate.swift in Sources */,
				8425BBC6277A50C900BF94FE /* ListModel.swift in Sources */,
			);
			runOnlyForDeploymentPostprocessing = 0;
		};
/* End PBXSourcesBuildPhase section */

/* Begin PBXVariantGroup section */
		8425BBB7277A502B00BF94FE /* Main.storyboard */ = {
			isa = PBXVariantGroup;
			children = (
				8425BBB8277A502B00BF94FE /* Base */,
			);
			name = Main.storyboard;
			sourceTree = "<group>";
		};
		8425BBBC277A502C00BF94FE /* LaunchScreen.storyboard */ = {
			isa = PBXVariantGroup;
			children = (
				8425BBBD277A502C00BF94FE /* Base */,
			);
			name = LaunchScreen.storyboard;
			sourceTree = "<group>";
		};
/* End PBXVariantGroup section */

/* Begin XCBuildConfiguration section */
		8425BBC0277A502C00BF94FE /* Debug */ = {
			isa = XCBuildConfiguration;
			buildSettings = {
				ALWAYS_SEARCH_USER_PATHS = NO;
				CLANG_ANALYZER_NONNULL = YES;
				CLANG_ANALYZER_NUMBER_OBJECT_CONVERSION = YES_AGGRESSIVE;
				CLANG_CXX_LANGUAGE_STANDARD = "gnu++17";
				CLANG_CXX_LIBRARY = "libc++";
				CLANG_ENABLE_MODULES = YES;
				CLANG_ENABLE_OBJC_ARC = YES;
				CLANG_ENABLE_OBJC_WEAK = YES;
				CLANG_WARN_BLOCK_CAPTURE_AUTORELEASING = YES;
				CLANG_WARN_BOOL_CONVERSION = YES;
				CLANG_WARN_COMMA = YES;
				CLANG_WARN_CONSTANT_CONVERSION = YES;
				CLANG_WARN_DEPRECATED_OBJC_IMPLEMENTATIONS = YES;
				CLANG_WARN_DIRECT_OBJC_ISA_USAGE = YES_ERROR;
				CLANG_WARN_DOCUMENTATION_COMMENTS = YES;
				CLANG_WARN_EMPTY_BODY = YES;
				CLANG_WARN_ENUM_CONVERSION = YES;
				CLANG_WARN_INFINITE_RECURSION = YES;
				CLANG_WARN_INT_CONVERSION = YES;
				CLANG_WARN_NON_LITERAL_NULL_CONVERSION = YES;
				CLANG_WARN_OBJC_IMPLICIT_RETAIN_SELF = YES;
				CLANG_WARN_OBJC_LITERAL_CONVERSION = YES;
				CLANG_WARN_OBJC_ROOT_CLASS = YES_ERROR;
				CLANG_WARN_QUOTED_INCLUDE_IN_FRAMEWORK_HEADER = YES;
				CLANG_WARN_RANGE_LOOP_ANALYSIS = YES;
				CLANG_WARN_STRICT_PROTOTYPES = YES;
				CLANG_WARN_SUSPICIOUS_MOVE = YES;
				CLANG_WARN_UNGUARDED_AVAILABILITY = YES_AGGRESSIVE;
				CLANG_WARN_UNREACHABLE_CODE = YES;
				CLANG_WARN__DUPLICATE_METHOD_MATCH = YES;
				COPY_PHASE_STRIP = NO;
				DEBUG_INFORMATION_FORMAT = dwarf;
				ENABLE_STRICT_OBJC_MSGSEND = YES;
				ENABLE_TESTABILITY = YES;
				GCC_C_LANGUAGE_STANDARD = gnu11;
				GCC_DYNAMIC_NO_PIC = NO;
				GCC_NO_COMMON_BLOCKS = YES;
				GCC_OPTIMIZATION_LEVEL = 0;
				GCC_PREPROCESSOR_DEFINITIONS = (
					"DEBUG=1",
					"$(inherited)",
				);
				GCC_WARN_64_TO_32_BIT_CONVERSION = YES;
				GCC_WARN_ABOUT_RETURN_TYPE = YES_ERROR;
				GCC_WARN_UNDECLARED_SELECTOR = YES;
				GCC_WARN_UNINITIALIZED_AUTOS = YES_AGGRESSIVE;
				GCC_WARN_UNUSED_FUNCTION = YES;
				GCC_WARN_UNUSED_VARIABLE = YES;
				IPHONEOS_DEPLOYMENT_TARGET = 15.0;
				MTL_ENABLE_DEBUG_INFO = INCLUDE_SOURCE;
				MTL_FAST_MATH = YES;
				ONLY_ACTIVE_ARCH = YES;
				SDKROOT = iphoneos;
				SWIFT_ACTIVE_COMPILATION_CONDITIONS = DEBUG;
				SWIFT_OPTIMIZATION_LEVEL = "-Onone";
			};
			name = Debug;
		};
		8425BBC1277A502C00BF94FE /* Release */ = {
			isa = XCBuildConfiguration;
			buildSettings = {
				ALWAYS_SEARCH_USER_PATHS = NO;
				CLANG_ANALYZER_NONNULL = YES;
				CLANG_ANALYZER_NUMBER_OBJECT_CONVERSION = YES_AGGRESSIVE;
				CLANG_CXX_LANGUAGE_STANDARD = "gnu++17";
				CLANG_CXX_LIBRARY = "libc++";
				CLANG_ENABLE_MODULES = YES;
				CLANG_ENABLE_OBJC_ARC = YES;
				CLANG_ENABLE_OBJC_WEAK = YES;
				CLANG_WARN_BLOCK_CAPTURE_AUTORELEASING = YES;
				CLANG_WARN_BOOL_CONVERSION = YES;
				CLANG_WARN_COMMA = YES;
				CLANG_WARN_CONSTANT_CONVERSION = YES;
				CLANG_WARN_DEPRECATED_OBJC_IMPLEMENTATIONS = YES;
				CLANG_WARN_DIRECT_OBJC_ISA_USAGE = YES_ERROR;
				CLANG_WARN_DOCUMENTATION_COMMENTS = YES;
				CLANG_WARN_EMPTY_BODY = YES;
				CLANG_WARN_ENUM_CONVERSION = YES;
				CLANG_WARN_INFINITE_RECURSION = YES;
				CLANG_WARN_INT_CONVERSION = YES;
				CLANG_WARN_NON_LITERAL_NULL_CONVERSION = YES;
				CLANG_WARN_OBJC_IMPLICIT_RETAIN_SELF = YES;
				CLANG_WARN_OBJC_LITERAL_CONVERSION = YES;
				CLANG_WARN_OBJC_ROOT_CLASS = YES_ERROR;
				CLANG_WARN_QUOTED_INCLUDE_IN_FRAMEWORK_HEADER = YES;
				CLANG_WARN_RANGE_LOOP_ANALYSIS = YES;
				CLANG_WARN_STRICT_PROTOTYPES = YES;
				CLANG_WARN_SUSPICIOUS_MOVE = YES;
				CLANG_WARN_UNGUARDED_AVAILABILITY = YES_AGGRESSIVE;
				CLANG_WARN_UNREACHABLE_CODE = YES;
				CLANG_WARN__DUPLICATE_METHOD_MATCH = YES;
				COPY_PHASE_STRIP = NO;
				DEBUG_INFORMATION_FORMAT = "dwarf-with-dsym";
				ENABLE_NS_ASSERTIONS = NO;
				ENABLE_STRICT_OBJC_MSGSEND = YES;
				GCC_C_LANGUAGE_STANDARD = gnu11;
				GCC_NO_COMMON_BLOCKS = YES;
				GCC_WARN_64_TO_32_BIT_CONVERSION = YES;
				GCC_WARN_ABOUT_RETURN_TYPE = YES_ERROR;
				GCC_WARN_UNDECLARED_SELECTOR = YES;
				GCC_WARN_UNINITIALIZED_AUTOS = YES_AGGRESSIVE;
				GCC_WARN_UNUSED_FUNCTION = YES;
				GCC_WARN_UNUSED_VARIABLE = YES;
				IPHONEOS_DEPLOYMENT_TARGET = 15.0;
				MTL_ENABLE_DEBUG_INFO = NO;
				MTL_FAST_MATH = YES;
				SDKROOT = iphoneos;
				SWIFT_COMPILATION_MODE = wholemodule;
				SWIFT_OPTIMIZATION_LEVEL = "-O";
				VALIDATE_PRODUCT = YES;
			};
			name = Release;
		};
		8425BBC3277A502C00BF94FE /* Debug */ = {
			isa = XCBuildConfiguration;
			buildSettings = {
				ASSETCATALOG_COMPILER_APPICON_NAME = AppIcon;
				ASSETCATALOG_COMPILER_GLOBAL_ACCENT_COLOR_NAME = AccentColor;
				CODE_SIGN_STYLE = Automatic;
				CURRENT_PROJECT_VERSION = 1;
				DEVELOPMENT_TEAM = 7W5YB3PK5V;
				GENERATE_INFOPLIST_FILE = YES;
				INFOPLIST_FILE = Bucket_List_ClientSide/Info.plist;
				INFOPLIST_KEY_UIApplicationSupportsIndirectInputEvents = YES;
				INFOPLIST_KEY_UILaunchStoryboardName = LaunchScreen;
				INFOPLIST_KEY_UIMainStoryboardFile = Main;
				INFOPLIST_KEY_UISupportedInterfaceOrientations_iPad = "UIInterfaceOrientationPortrait UIInterfaceOrientationPortraitUpsideDown UIInterfaceOrientationLandscapeLeft UIInterfaceOrientationLandscapeRight";
				INFOPLIST_KEY_UISupportedInterfaceOrientations_iPhone = "UIInterfaceOrientationPortrait UIInterfaceOrientationLandscapeLeft UIInterfaceOrientationLandscapeRight";
				LD_RUNPATH_SEARCH_PATHS = (
					"$(inherited)",
					"@executable_path/Frameworks",
				);
				MARKETING_VERSION = 1.0;
				PRODUCT_BUNDLE_IDENTIFIER = "com.Abdulmajeed.Bucket-List-ClientSide";
				PRODUCT_NAME = "$(TARGET_NAME)";
				SWIFT_EMIT_LOC_STRINGS = YES;
				SWIFT_VERSION = 5.0;
				TARGETED_DEVICE_FAMILY = 1;
			};
			name = Debug;
		};
		8425BBC4277A502C00BF94FE /* Release */ = {
			isa = XCBuildConfiguration;
			buildSettings = {
				ASSETCATALOG_COMPILER_APPICON_NAME = AppIcon;
				ASSETCATALOG_COMPILER_GLOBAL_ACCENT_COLOR_NAME = AccentColor;
				CODE_SIGN_STYLE = Automatic;
				CURRENT_PROJECT_VERSION = 1;
				DEVELOPMENT_TEAM = 7W5YB3PK5V;
				GENERATE_INFOPLIST_FILE = YES;
				INFOPLIST_FILE = Bucket_List_ClientSide/Info.plist;
				INFOPLIST_KEY_UIApplicationSupportsIndirectInputEvents = YES;
				INFOPLIST_KEY_UILaunchStoryboardName = LaunchScreen;
				INFOPLIST_KEY_UIMainStoryboardFile = Main;
				INFOPLIST_KEY_UISupportedInterfaceOrientations_iPad = "UIInterfaceOrientationPortrait UIInterfaceOrientationPortraitUpsideDown UIInterfaceOrientationLandscapeLeft UIInterfaceOrientationLandscapeRight";
				INFOPLIST_KEY_UISupportedInterfaceOrientations_iPhone = "UIInterfaceOrientationPortrait UIInterfaceOrientationLandscapeLeft UIInterfaceOrientationLandscapeRight";
				LD_RUNPATH_SEARCH_PATHS = (
					"$(inherited)",
					"@executable_path/Frameworks",
				);
				MARKETING_VERSION = 1.0;
				PRODUCT_BUNDLE_IDENTIFIER = "com.Abdulmajeed.Bucket-List-ClientSide";
				PRODUCT_NAME = "$(TARGET_NAME)";
				SWIFT_EMIT_LOC_STRINGS = YES;
				SWIFT_VERSION = 5.0;
				TARGETED_DEVICE_FAMILY = 1;
			};
			name = Release;
		};
/* End XCBuildConfiguration section */

/* Begin XCConfigurationList section */
		8425BBA9277A502B00BF94FE /* Build configuration list for PBXProject "Bucket_List_ClientSide" */ = {
			isa = XCConfigurationList;
			buildConfigurations = (
				8425BBC0277A502C00BF94FE /* Debug */,
				8425BBC1277A502C00BF94FE /* Release */,
			);
			defaultConfigurationIsVisible = 0;
			defaultConfigurationName = Release;
		};
		8425BBC2277A502C00BF94FE /* Build configuration list for PBXNativeTarget "Bucket_List_ClientSide" */ = {
			isa = XCConfigurationList;
			buildConfigurations = (
				8425BBC3277A502C00BF94FE /* Debug */,
				8425BBC4277A502C00BF94FE /* Release */,
			);
			defaultConfigurationIsVisible = 0;
			defaultConfigurationName = Release;
		};
/* End XCConfigurationList section */
	};
	rootObject = 8425BBA6277A502B00BF94FE /* Project object */;
}
